
Microsoft Visual Studio Solution File, Format Version 12.00
Project("{FAE04EC0-301F-11D3-BF4B-00C04F79EFBC}") = "RestaurantApp.Api", "RestaurantApp.Api\RestaurantApp.Api.csproj", "{D94B760A-52B0-4D86-9750-EFC1C0259FD7}"
EndProject
Project("{FAE04EC0-301F-11D3-BF4B-00C04F79EFBC}") = "RestaurantApp.Domain", "RestaurantApp.Domain\RestaurantApp.Domain.csproj", "{F47534D9-CFC8-4D98-8F62-BDD07B7151ED}"
EndProject
Project("{FAE04EC0-301F-11D3-BF4B-00C04F79EFBC}") = "RestaurantApp.Application", "RestaurantApp.Application\RestaurantApp.Application.csproj", "{B9E40D17-1FA3-4262-84FF-919EEF227D4C}"
EndProject
Project("{FAE04EC0-301F-11D3-BF4B-00C04F79EFBC}") = "RestaurantApp.Infrastructure", "RestaurantApp.Infrastructure\RestaurantApp.Infrastructure.csproj", "{264947A1-6317-4AEA-A30B-73EFC375599B}"
EndProject
Global
	GlobalSection(SolutionConfigurationPlatforms) = preSolution
		Debug|Any CPU = Debug|Any CPU
		Release|Any CPU = Release|Any CPU
	EndGlobalSection
	GlobalSection(ProjectConfigurationPlatforms) = postSolution
		{D94B760A-52B0-4D86-9750-EFC1C0259FD7}.Debug|Any CPU.ActiveCfg = Debug|Any CPU
		{D94B760A-52B0-4D86-9750-EFC1C0259FD7}.Debug|Any CPU.Build.0 = Debug|Any CPU
		{D94B760A-52B0-4D86-9750-EFC1C0259FD7}.Release|Any CPU.ActiveCfg = Release|Any CPU
		{D94B760A-52B0-4D86-9750-EFC1C0259FD7}.Release|Any CPU.Build.0 = Release|Any CPU
		{F47534D9-CFC8-4D98-8F62-BDD07B7151ED}.Debug|Any CPU.ActiveCfg = Debug|Any CPU
		{F47534D9-CFC8-4D98-8F62-BDD07B7151ED}.Debug|Any CPU.Build.0 = Debug|Any CPU
		{F47534D9-CFC8-4D98-8F62-BDD07B7151ED}.Release|Any CPU.ActiveCfg = Release|Any CPU
		{F47534D9-CFC8-4D98-8F62-BDD07B7151ED}.Release|Any CPU.Build.0 = Release|Any CPU
		{B9E40D17-1FA3-4262-84FF-919EEF227D4C}.Debug|Any CPU.ActiveCfg = Debug|Any CPU
		{B9E40D17-1FA3-4262-84FF-919EEF227D4C}.Debug|Any CPU.Build.0 = Debug|Any CPU
		{B9E40D17-1FA3-4262-84FF-919EEF227D4C}.Release|Any CPU.ActiveCfg = Release|Any CPU
		{B9E40D17-1FA3-4262-84FF-919EEF227D4C}.Release|Any CPU.Build.0 = Release|Any CPU
		{264947A1-6317-4AEA-A30B-73EFC375599B}.Debug|Any CPU.ActiveCfg = Debug|Any CPU
		{264947A1-6317-4AEA-A30B-73EFC375599B}.Debug|Any CPU.Build.0 = Debug|Any CPU
		{264947A1-6317-4AEA-A30B-73EFC375599B}.Release|Any CPU.ActiveCfg = Release|Any CPU
		{264947A1-6317-4AEA-A30B-73EFC375599B}.Release|Any CPU.Build.0 = Release|Any CPU
	EndGlobalSection
EndGlobal
